
Microsoft Visual Studio Solution File, Format Version 12.00
# Visual Studio Version 17
VisualStudioVersion = 17.0.31912.275
MinimumVisualStudioVersion = 10.0.40219.1
Project("{FAE04EC0-301F-11D3-BF4B-00C04F79EFBC}") = "DemoPoc", "DemoPoc\DemoPoc.csproj", "{32822196-DABB-4526-96AA-430782E884FC}"
EndProject
Global
	GlobalSection(SolutionConfigurationPlatforms) = preSolution
		Debug|Any CPU = Debug|Any CPU
		Release|Any CPU = Release|Any CPU
	EndGlobalSection
	GlobalSection(ProjectConfigurationPlatforms) = postSolution
		{32822196-DABB-4526-96AA-430782E884FC}.Debug|Any CPU.ActiveCfg = Debug|Any CPU
		{32822196-DABB-4526-96AA-430782E884FC}.Debug|Any CPU.Build.0 = Debug|Any CPU
		{32822196-DABB-4526-96AA-430782E884FC}.Release|Any CPU.ActiveCfg = Release|Any CPU
		{32822196-DABB-4526-96AA-430782E884FC}.Release|Any CPU.Build.0 = Release|Any CPU
	EndGlobalSection
	GlobalSection(SolutionProperties) = preSolution
		HideSolutionNode = FALSE
	EndGlobalSection
	GlobalSection(ExtensibilityGlobals) = postSolution
		SolutionGuid = {6F3237FA-6460-4BEF-BA8C-3A286333298D}
	EndGlobalSection
EndGlobal
