
Microsoft Visual Studio Solution File, Format Version 12.00
# Visual Studio Version 17
VisualStudioVersion = 17.0.31912.275
MinimumVisualStudioVersion = 10.0.40219.1
Project("{FAE04EC0-301F-11D3-BF4B-00C04F79EFBC}") = "JqueryEvent", "JqueryEvent\JqueryEvent.csproj", "{EBF6322D-6418-4ACC-A6FA-2EA612583724}"
EndProject
Global
	GlobalSection(SolutionConfigurationPlatforms) = preSolution
		Debug|Any CPU = Debug|Any CPU
		Release|Any CPU = Release|Any CPU
	EndGlobalSection
	GlobalSection(ProjectConfigurationPlatforms) = postSolution
		{EBF6322D-6418-4ACC-A6FA-2EA612583724}.Debug|Any CPU.ActiveCfg = Debug|Any CPU
		{EBF6322D-6418-4ACC-A6FA-2EA612583724}.Debug|Any CPU.Build.0 = Debug|Any CPU
		{EBF6322D-6418-4ACC-A6FA-2EA612583724}.Release|Any CPU.ActiveCfg = Release|Any CPU
		{EBF6322D-6418-4ACC-A6FA-2EA612583724}.Release|Any CPU.Build.0 = Release|Any CPU
	EndGlobalSection
	GlobalSection(SolutionProperties) = preSolution
		HideSolutionNode = FALSE
	EndGlobalSection
	GlobalSection(ExtensibilityGlobals) = postSolution
		SolutionGuid = {3ACF73FA-C4FC-4E84-B14B-F7CEF6020EF8}
	EndGlobalSection
EndGlobal
